// !$*UTF8*$!
{
	archiveVersion = 1;
	classes = {
	};
	objectVersion = 50;
	objects = {

/* Begin PBXBuildFile section */
		3052800C229A8510002BFCF5 /* main.c in Sources */ = {isa = PBXBuildFile; fileRef = 3052800B229A8510002BFCF5 /* main.c */; };
		30528013229A856A002BFCF5 /* common.h in Sources */ = {isa = PBXBuildFile; fileRef = 30528012229A856A002BFCF5 /* common.h */; };
		3052801C229A8B85002BFCF5 /* Geometry2D.c in Sources */ = {isa = PBXBuildFile; fileRef = 3052801B229A8B85002BFCF5 /* Geometry2D.c */; };
		30528021229AA0D8002BFCF5 /* test_Geometry2D.c in Sources */ = {isa = PBXBuildFile; fileRef = 30528020229AA0D8002BFCF5 /* test_Geometry2D.c */; };
		30528024229B9544002BFCF5 /* io.c in Sources */ = {isa = PBXBuildFile; fileRef = 30528023229B9544002BFCF5 /* io.c */; };
/* End PBXBuildFile section */

/* Begin PBXCopyFilesBuildPhase section */
		30528006229A8510002BFCF5 /* CopyFiles */ = {
			isa = PBXCopyFilesBuildPhase;
			buildActionMask = 2147483647;
			dstPath = /usr/share/man/man1/;
			dstSubfolderSpec = 0;
			files = (
			);
			runOnlyForDeploymentPostprocessing = 1;
		};
/* End PBXCopyFilesBuildPhase section */

/* Begin PBXFileReference section */
		30528008229A8510002BFCF5 /* Geometry2D_Polishchenko */ = {isa = PBXFileReference; explicitFileType = "compiled.mach-o.executable"; includeInIndex = 0; path = Geometry2D_Polishchenko; sourceTree = BUILT_PRODUCTS_DIR; };
		3052800B229A8510002BFCF5 /* main.c */ = {isa = PBXFileReference; lastKnownFileType = sourcecode.c.c; path = main.c; sourceTree = "<group>"; };
		30528012229A856A002BFCF5 /* common.h */ = {isa = PBXFileReference; lastKnownFileType = sourcecode.c.h; path = common.h; sourceTree = "<group>"; };
		3052801A229A8B85002BFCF5 /* Geometry2D.h */ = {isa = PBXFileReference; lastKnownFileType = sourcecode.c.h; path = Geometry2D.h; sourceTree = "<group>"; };
		3052801B229A8B85002BFCF5 /* Geometry2D.c */ = {isa = PBXFileReference; lastKnownFileType = sourcecode.c.c; path = Geometry2D.c; sourceTree = "<group>"; };
		3052801F229AA0D8002BFCF5 /* test_Geometry2D.h */ = {isa = PBXFileReference; lastKnownFileType = sourcecode.c.h; path = test_Geometry2D.h; sourceTree = "<group>"; };
		30528020229AA0D8002BFCF5 /* test_Geometry2D.c */ = {isa = PBXFileReference; lastKnownFileType = sourcecode.c.c; path = test_Geometry2D.c; sourceTree = "<group>"; };
		30528022229B9544002BFCF5 /* io.h */ = {isa = PBXFileReference; lastKnownFileType = sourcecode.c.h; path = io.h; sourceTree = "<group>"; };
		30528023229B9544002BFCF5 /* io.c */ = {isa = PBXFileReference; lastKnownFileType = sourcecode.c.c; path = io.c; sourceTree = "<group>"; };
		30528025229C251A002BFCF5 /* points_input.txt */ = {isa = PBXFileReference; lastKnownFileType = text; path = points_input.txt; sourceTree = "<group>"; };
		30528026229C296D002BFCF5 /* segment_input.txt */ = {isa = PBXFileReference; lastKnownFileType = text; path = segment_input.txt; sourceTree = "<group>"; };
		30528027229C2C79002BFCF5 /* line_input.txt */ = {isa = PBXFileReference; lastKnownFileType = text; path = line_input.txt; sourceTree = "<group>"; };
		30528028229C2D66002BFCF5 /* triangle_input.txt */ = {isa = PBXFileReference; lastKnownFileType = text; path = triangle_input.txt; sourceTree = "<group>"; };
/* End PBXFileReference section */

/* Begin PBXFrameworksBuildPhase section */
		30528005229A8510002BFCF5 /* Frameworks */ = {
			isa = PBXFrameworksBuildPhase;
			buildActionMask = 2147483647;
			files = (
			);
			runOnlyForDeploymentPostprocessing = 0;
		};
/* End PBXFrameworksBuildPhase section */

/* Begin PBXGroup section */
		30527FFF229A8510002BFCF5 = {
			isa = PBXGroup;
			children = (
				3052800A229A8510002BFCF5 /* Geometry2D_Polishchenko */,
				30528009229A8510002BFCF5 /* Products */,
			);
			sourceTree = "<group>";
		};
		30528009229A8510002BFCF5 /* Products */ = {
			isa = PBXGroup;
			children = (
				30528008229A8510002BFCF5 /* Geometry2D_Polishchenko */,
			);
			name = Products;
			sourceTree = "<group>";
		};
		3052800A229A8510002BFCF5 /* Geometry2D_Polishchenko */ = {
			isa = PBXGroup;
			children = (
				30528019229A86BE002BFCF5 /* tests */,
				30528018229A86B0002BFCF5 /* src */,
				30528017229A86A6002BFCF5 /* headers */,
				3052800B229A8510002BFCF5 /* main.c */,
				30528025229C251A002BFCF5 /* points_input.txt */,
				30528026229C296D002BFCF5 /* segment_input.txt */,
				30528027229C2C79002BFCF5 /* line_input.txt */,
				30528028229C2D66002BFCF5 /* triangle_input.txt */,
			);
			path = Geometry2D_Polishchenko;
			sourceTree = "<group>";
		};
		30528017229A86A6002BFCF5 /* headers */ = {
			isa = PBXGroup;
			children = (
				30528012229A856A002BFCF5 /* common.h */,
				3052801A229A8B85002BFCF5 /* Geometry2D.h */,
				3052801F229AA0D8002BFCF5 /* test_Geometry2D.h */,
				30528022229B9544002BFCF5 /* io.h */,
			);
			path = headers;
			sourceTree = "<group>";
		};
		30528018229A86B0002BFCF5 /* src */ = {
			isa = PBXGroup;
			children = (
				3052801B229A8B85002BFCF5 /* Geometry2D.c */,
				30528023229B9544002BFCF5 /* io.c */,
			);
			path = src;
			sourceTree = "<group>";
		};
		30528019229A86BE002BFCF5 /* tests */ = {
			isa = PBXGroup;
			children = (
				30528020229AA0D8002BFCF5 /* test_Geometry2D.c */,
			);
			path = tests;
			sourceTree = "<group>";
		};
/* End PBXGroup section */

/* Begin PBXNativeTarget section */
		30528007229A8510002BFCF5 /* Geometry2D_Polishchenko */ = {
			isa = PBXNativeTarget;
			buildConfigurationList = 3052800F229A8510002BFCF5 /* Build configuration list for PBXNativeTarget "Geometry2D_Polishchenko" */;
			buildPhases = (
				30528004229A8510002BFCF5 /* Sources */,
				30528005229A8510002BFCF5 /* Frameworks */,
				30528006229A8510002BFCF5 /* CopyFiles */,
			);
			buildRules = (
			);
			dependencies = (
			);
			name = Geometry2D_Polishchenko;
			productName = Geometry2D_Polishchenko;
			productReference = 30528008229A8510002BFCF5 /* Geometry2D_Polishchenko */;
			productType = "com.apple.product-type.tool";
		};
/* End PBXNativeTarget section */

/* Begin PBXProject section */
		30528000229A8510002BFCF5 /* Project object */ = {
			isa = PBXProject;
			attributes = {
				LastUpgradeCheck = 1020;
				ORGANIZATIONNAME = "Roman Polishchenko";
				TargetAttributes = {
					30528007229A8510002BFCF5 = {
						CreatedOnToolsVersion = 10.2.1;
					};
				};
			};
			buildConfigurationList = 30528003229A8510002BFCF5 /* Build configuration list for PBXProject "Geometry2D_Polishchenko" */;
			compatibilityVersion = "Xcode 9.3";
			developmentRegion = en;
			hasScannedForEncodings = 0;
			knownRegions = (
				en,
			);
			mainGroup = 30527FFF229A8510002BFCF5;
			productRefGroup = 30528009229A8510002BFCF5 /* Products */;
			projectDirPath = "";
			projectRoot = "";
			targets = (
				30528007229A8510002BFCF5 /* Geometry2D_Polishchenko */,
			);
		};
/* End PBXProject section */

/* Begin PBXSourcesBuildPhase section */
		30528004229A8510002BFCF5 /* Sources */ = {
			isa = PBXSourcesBuildPhase;
			buildActionMask = 2147483647;
			files = (
				30528024229B9544002BFCF5 /* io.c in Sources */,
				3052800C229A8510002BFCF5 /* main.c in Sources */,
				3052801C229A8B85002BFCF5 /* Geometry2D.c in Sources */,
				30528013229A856A002BFCF5 /* common.h in Sources */,
				30528021229AA0D8002BFCF5 /* test_Geometry2D.c in Sources */,
			);
			runOnlyForDeploymentPostprocessing = 0;
		};
/* End PBXSourcesBuildPhase section */

/* Begin XCBuildConfiguration section */
		3052800D229A8510002BFCF5 /* Debug */ = {
			isa = XCBuildConfiguration;
			buildSettings = {
				ALWAYS_SEARCH_USER_PATHS = NO;
				CLANG_ANALYZER_NONNULL = YES;
				CLANG_ANALYZER_NUMBER_OBJECT_CONVERSION = YES_AGGRESSIVE;
				CLANG_CXX_LANGUAGE_STANDARD = "gnu++14";
				CLANG_CXX_LIBRARY = "libc++";
				CLANG_ENABLE_MODULES = YES;
				CLANG_ENABLE_OBJC_ARC = YES;
				CLANG_ENABLE_OBJC_WEAK = YES;
				CLANG_WARN_BLOCK_CAPTURE_AUTORELEASING = YES;
				CLANG_WARN_BOOL_CONVERSION = YES;
				CLANG_WARN_COMMA = YES;
				CLANG_WARN_CONSTANT_CONVERSION = YES;
				CLANG_WARN_DEPRECATED_OBJC_IMPLEMENTATIONS = YES;
				CLANG_WARN_DIRECT_OBJC_ISA_USAGE = YES_ERROR;
				CLANG_WARN_DOCUMENTATION_COMMENTS = YES;
				CLANG_WARN_EMPTY_BODY = YES;
				CLANG_WARN_ENUM_CONVERSION = YES;
				CLANG_WARN_INFINITE_RECURSION = YES;
				CLANG_WARN_INT_CONVERSION = YES;
				CLANG_WARN_NON_LITERAL_NULL_CONVERSION = YES;
				CLANG_WARN_OBJC_IMPLICIT_RETAIN_SELF = YES;
				CLANG_WARN_OBJC_LITERAL_CONVERSION = YES;
				CLANG_WARN_OBJC_ROOT_CLASS = YES_ERROR;
				CLANG_WARN_RANGE_LOOP_ANALYSIS = YES;
				CLANG_WARN_STRICT_PROTOTYPES = YES;
				CLANG_WARN_SUSPICIOUS_MOVE = YES;
				CLANG_WARN_UNGUARDED_AVAILABILITY = YES_AGGRESSIVE;
				CLANG_WARN_UNREACHABLE_CODE = YES;
				CLANG_WARN__DUPLICATE_METHOD_MATCH = YES;
				CODE_SIGN_IDENTITY = "-";
				COPY_PHASE_STRIP = NO;
				DEBUG_INFORMATION_FORMAT = dwarf;
				ENABLE_STRICT_OBJC_MSGSEND = YES;
				ENABLE_TESTABILITY = YES;
				GCC_C_LANGUAGE_STANDARD = gnu11;
				GCC_DYNAMIC_NO_PIC = NO;
				GCC_NO_COMMON_BLOCKS = YES;
				GCC_OPTIMIZATION_LEVEL = 0;
				GCC_PREPROCESSOR_DEFINITIONS = (
					"DEBUG=1",
					"$(inherited)",
				);
				GCC_WARN_64_TO_32_BIT_CONVERSION = YES;
				GCC_WARN_ABOUT_RETURN_TYPE = YES_ERROR;
				GCC_WARN_UNDECLARED_SELECTOR = YES;
				GCC_WARN_UNINITIALIZED_AUTOS = YES_AGGRESSIVE;
				GCC_WARN_UNUSED_FUNCTION = YES;
				GCC_WARN_UNUSED_VARIABLE = YES;
				MACOSX_DEPLOYMENT_TARGET = 10.14;
				MTL_ENABLE_DEBUG_INFO = INCLUDE_SOURCE;
				MTL_FAST_MATH = YES;
				ONLY_ACTIVE_ARCH = YES;
				SDKROOT = macosx;
			};
			name = Debug;
		};
		3052800E229A8510002BFCF5 /* Release */ = {
			isa = XCBuildConfiguration;
			buildSettings = {
				ALWAYS_SEARCH_USER_PATHS = NO;
				CLANG_ANALYZER_NONNULL = YES;
				CLANG_ANALYZER_NUMBER_OBJECT_CONVERSION = YES_AGGRESSIVE;
				CLANG_CXX_LANGUAGE_STANDARD = "gnu++14";
				CLANG_CXX_LIBRARY = "libc++";
				CLANG_ENABLE_MODULES = YES;
				CLANG_ENABLE_OBJC_ARC = YES;
				CLANG_ENABLE_OBJC_WEAK = YES;
				CLANG_WARN_BLOCK_CAPTURE_AUTORELEASING = YES;
				CLANG_WARN_BOOL_CONVERSION = YES;
				CLANG_WARN_COMMA = YES;
				CLANG_WARN_CONSTANT_CONVERSION = YES;
				CLANG_WARN_DEPRECATED_OBJC_IMPLEMENTATIONS = YES;
				CLANG_WARN_DIRECT_OBJC_ISA_USAGE = YES_ERROR;
				CLANG_WARN_DOCUMENTATION_COMMENTS = YES;
				CLANG_WARN_EMPTY_BODY = YES;
				CLANG_WARN_ENUM_CONVERSION = YES;
				CLANG_WARN_INFINITE_RECURSION = YES;
				CLANG_WARN_INT_CONVERSION = YES;
				CLANG_WARN_NON_LITERAL_NULL_CONVERSION = YES;
				CLANG_WARN_OBJC_IMPLICIT_RETAIN_SELF = YES;
				CLANG_WARN_OBJC_LITERAL_CONVERSION = YES;
				CLANG_WARN_OBJC_ROOT_CLASS = YES_ERROR;
				CLANG_WARN_RANGE_LOOP_ANALYSIS = YES;
				CLANG_WARN_STRICT_PROTOTYPES = YES;
				CLANG_WARN_SUSPICIOUS_MOVE = YES;
				CLANG_WARN_UNGUARDED_AVAILABILITY = YES_AGGRESSIVE;
				CLANG_WARN_UNREACHABLE_CODE = YES;
				CLANG_WARN__DUPLICATE_METHOD_MATCH = YES;
				CODE_SIGN_IDENTITY = "-";
				COPY_PHASE_STRIP = NO;
				DEBUG_INFORMATION_FORMAT = "dwarf-with-dsym";
				ENABLE_NS_ASSERTIONS = NO;
				ENABLE_STRICT_OBJC_MSGSEND = YES;
				GCC_C_LANGUAGE_STANDARD = gnu11;
				GCC_NO_COMMON_BLOCKS = YES;
				GCC_WARN_64_TO_32_BIT_CONVERSION = YES;
				GCC_WARN_ABOUT_RETURN_TYPE = YES_ERROR;
				GCC_WARN_UNDECLARED_SELECTOR = YES;
				GCC_WARN_UNINITIALIZED_AUTOS = YES_AGGRESSIVE;
				GCC_WARN_UNUSED_FUNCTION = YES;
				GCC_WARN_UNUSED_VARIABLE = YES;
				MACOSX_DEPLOYMENT_TARGET = 10.14;
				MTL_ENABLE_DEBUG_INFO = NO;
				MTL_FAST_MATH = YES;
				SDKROOT = macosx;
			};
			name = Release;
		};
		30528010229A8510002BFCF5 /* Debug */ = {
			isa = XCBuildConfiguration;
			buildSettings = {
				CODE_SIGN_STYLE = Automatic;
				PRODUCT_NAME = "$(TARGET_NAME)";
			};
			name = Debug;
		};
		30528011229A8510002BFCF5 /* Release */ = {
			isa = XCBuildConfiguration;
			buildSettings = {
				CODE_SIGN_STYLE = Automatic;
				PRODUCT_NAME = "$(TARGET_NAME)";
			};
			name = Release;
		};
/* End XCBuildConfiguration section */

/* Begin XCConfigurationList section */
		30528003229A8510002BFCF5 /* Build configuration list for PBXProject "Geometry2D_Polishchenko" */ = {
			isa = XCConfigurationList;
			buildConfigurations = (
				3052800D229A8510002BFCF5 /* Debug */,
				3052800E229A8510002BFCF5 /* Release */,
			);
			defaultConfigurationIsVisible = 0;
			defaultConfigurationName = Release;
		};
		3052800F229A8510002BFCF5 /* Build configuration list for PBXNativeTarget "Geometry2D_Polishchenko" */ = {
			isa = XCConfigurationList;
			buildConfigurations = (
				30528010229A8510002BFCF5 /* Debug */,
				30528011229A8510002BFCF5 /* Release */,
			);
			defaultConfigurationIsVisible = 0;
			defaultConfigurationName = Release;
		};
/* End XCConfigurationList section */
	};
	rootObject = 30528000229A8510002BFCF5 /* Project object */;
}
